
Microsoft Visual Studio Solution File, Format Version 12.00
# Visual Studio Version 16
VisualStudioVersion = 16.0.31911.196
MinimumVisualStudioVersion = 10.0.40219.1
Project("{FAE04EC0-301F-11D3-BF4B-00C04F79EFBC}") = "27.Ders Sql falan fişman", "27.Ders Sql falan fişman\27.Ders Sql falan fişman.csproj", "{1E34017B-2B1E-4281-9EFF-1AF63139E815}"
EndProject
Global
	GlobalSection(SolutionConfigurationPlatforms) = preSolution
		Debug|Any CPU = Debug|Any CPU
		Release|Any CPU = Release|Any CPU
	EndGlobalSection
	GlobalSection(ProjectConfigurationPlatforms) = postSolution
		{1E34017B-2B1E-4281-9EFF-1AF63139E815}.Debug|Any CPU.ActiveCfg = Debug|Any CPU
		{1E34017B-2B1E-4281-9EFF-1AF63139E815}.Debug|Any CPU.Build.0 = Debug|Any CPU
		{1E34017B-2B1E-4281-9EFF-1AF63139E815}.Release|Any CPU.ActiveCfg = Release|Any CPU
		{1E34017B-2B1E-4281-9EFF-1AF63139E815}.Release|Any CPU.Build.0 = Release|Any CPU
	EndGlobalSection
	GlobalSection(SolutionProperties) = preSolution
		HideSolutionNode = FALSE
	EndGlobalSection
	GlobalSection(ExtensibilityGlobals) = postSolution
		SolutionGuid = {D4F41F1C-0B46-4200-9556-62BE1AA6D31E}
	EndGlobalSection
EndGlobal
